
Microsoft Visual Studio Solution File, Format Version 12.00
# Visual Studio 15
VisualStudioVersion = 15.0.28307.329
MinimumVisualStudioVersion = 10.0.40219.1
Project("{FAE04EC0-301F-11D3-BF4B-00C04F79EFBC}") = "testt", "testt\testt.csproj", "{02334632-F4D6-4A1D-8DD5-0929D188DB47}"
EndProject
Global
	GlobalSection(SolutionConfigurationPlatforms) = preSolution
		Debug|Any CPU = Debug|Any CPU
		Release|Any CPU = Release|Any CPU
	EndGlobalSection
	GlobalSection(ProjectConfigurationPlatforms) = postSolution
		{02334632-F4D6-4A1D-8DD5-0929D188DB47}.Debug|Any CPU.ActiveCfg = Debug|Any CPU
		{02334632-F4D6-4A1D-8DD5-0929D188DB47}.Debug|Any CPU.Build.0 = Debug|Any CPU
		{02334632-F4D6-4A1D-8DD5-0929D188DB47}.Release|Any CPU.ActiveCfg = Release|Any CPU
		{02334632-F4D6-4A1D-8DD5-0929D188DB47}.Release|Any CPU.Build.0 = Release|Any CPU
	EndGlobalSection
	GlobalSection(SolutionProperties) = preSolution
		HideSolutionNode = FALSE
	EndGlobalSection
	GlobalSection(ExtensibilityGlobals) = postSolution
		SolutionGuid = {62BB0174-2EB7-4D1F-8888-FC3F35751C96}
	EndGlobalSection
EndGlobal
